<?xml version="1.0" encoding="utf-8"?>
<Project ToolsVersion="4.0" xmlns="http://schemas.microsoft.com/developer/msbuild/2003">
  <ItemGroup>
    <Filter Include="system">
      <UniqueIdentifier>{22dd8095-74f9-46df-81a1-36675a040b1f}</UniqueIdentifier>
    </Filter>
  </ItemGroup>
  <ItemGroup>
    <ClCompile Include="stdafx.cpp" />
    <ClCompile Include="main.cpp" />
    <ClCompile Include="system\system.cpp">
      <Filter>system</Filter>
    </ClCompile>
    <ClCompile Include="Game.cpp" />
    <ClCompile Include="BackGround.cpp" />
    <ClCompile Include="Buildings.cpp" />
    <ClCompile Include="Street.cpp" />
    <ClCompile Include="Player.cpp" />
    <ClCompile Include="PlayerMove.cpp" />
    <ClCompile Include="PlayerRotation.cpp" />
    <ClCompile Include="PlayerJump.cpp" />
    <ClCompile Include="PlayerCamera.cpp" />
    <ClCompile Include="SwingTarget.cpp" />
    <ClCompile Include="PlayerSwingAction.cpp" />
    <ClCompile Include="SwingActionManager.cpp" />
    <ClCompile Include="SwingModel.cpp" />
    <ClCompile Include="DebugLog.cpp" />
    <ClCompile Include="Enemy.cpp" />
    <ClCompile Include="EnemyAI.cpp" />
    <ClCompile Include="QteEvent.cpp" />
    <ClCompile Include="QteEventInput.cpp" />
  </ItemGroup>
  <ItemGroup>
    <ClInclude Include="stdafx.h" />
    <ClInclude Include="system\system.h">
      <Filter>system</Filter>
    </ClInclude>
    <ClInclude Include="Game.h" />
    <ClInclude Include="BackGround.h" />
    <ClInclude Include="Buildings.h" />
    <ClInclude Include="Street.h" />
    <ClInclude Include="Player.h" />
    <ClInclude Include="PlayerMove.h" />
    <ClInclude Include="PlayerRotation.h" />
    <ClInclude Include="PlayerJump.h" />
    <ClInclude Include="PlayerCamera.h" />
    <ClInclude Include="SwingTarget.h" />
    <ClInclude Include="PlayerSwingAction.h" />
    <ClInclude Include="SwingActionManager.h" />
    <ClInclude Include="SwingModel.h" />
    <ClInclude Include="DebugLog.h" />
    <ClInclude Include="Enemy.h" />
    <ClInclude Include="EnemyAI.h" />
    <ClInclude Include="QteEvent.h" />
    <ClInclude Include="QteEventInput.h" />
  </ItemGroup>
</Project>