<?xml version="1.0" encoding="utf-8"?>
<Project ToolsVersion="4.0" xmlns="http://schemas.microsoft.com/developer/msbuild/2003">
  <ItemGroup>
    <Filter Include="system">
      <UniqueIdentifier>{22dd8095-74f9-46df-81a1-36675a040b1f}</UniqueIdentifier>
    </Filter>
  </ItemGroup>
  <ItemGroup>
    <ClCompile Include="stdafx.cpp" />
    <ClCompile Include="main.cpp" />
    <ClCompile Include="system\system.cpp">
      <Filter>system</Filter>
    </ClCompile>
    <ClCompile Include="Game.cpp" />
    <ClCompile Include="GameBackGround.cpp" />
    <ClCompile Include="Buildings.cpp" />
    <ClCompile Include="Street.cpp" />
    <ClCompile Include="Player.cpp" />
    <ClCompile Include="PlayerMove.cpp" />
    <ClCompile Include="PlayerRotation.cpp" />
    <ClCompile Include="PlayerJump.cpp" />
    <ClCompile Include="PlayerCamera.cpp" />
    <ClCompile Include="SwingTarget.cpp" />
    <ClCompile Include="PlayerSwingAction.cpp" />
    <ClCompile Include="SwingActionManager.cpp" />
    <ClCompile Include="SwingModel.cpp" />
    <ClCompile Include="DebugLog.cpp" />
    <ClCompile Include="Enemy.cpp" />
    <ClCompile Include="EnemyAI.cpp" />
    <ClCompile Include="QteEvent.cpp" />
    <ClCompile Include="QteEventInput.cpp" />
    <ClCompile Include="PlayerCatchEnemy.cpp" />
    <ClCompile Include="PlayerAnimation.cpp" />
    <ClCompile Include="SpriteAnimation.cpp" />
    <ClCompile Include="SceneManager.cpp" />
    <ClCompile Include="GameClear.cpp" />
    <ClCompile Include="GameClearCamera.cpp" />
    <ClCompile Include="GameResult.cpp" />
    <ClCompile Include="GameTimeLimit.cpp" />
    <ClCompile Include="GameEndSelect.cpp" />
    <ClCompile Include="GameClearSprite.cpp" />
    <ClCompile Include="GameOver.cpp" />
    <ClCompile Include="GameOverSprite.cpp" />
    <ClCompile Include="Title.cpp" />
    <ClCompile Include="TitleSelect.cpp" />
    <ClCompile Include="TitleSprite.cpp" />
    <ClCompile Include="FadeManager.cpp" />
    <ClCompile Include="GameStartSprite.cpp" />
    <ClCompile Include="GameMission.cpp" />
    <ClCompile Include="MiniMap.cpp" />
    <ClCompile Include="EnemyEffect.cpp" />
    <ClCompile Include="PlayerEffect.cpp" />
    <ClCompile Include="Loading.cpp" />
    <ClCompile Include="TitleBackGround.cpp" />
    <ClCompile Include="TitleCamera.cpp" />
    <ClCompile Include="FirstEnemyDirection.cpp" />
  </ItemGroup>
  <ItemGroup>
    <ClInclude Include="stdafx.h" />
    <ClInclude Include="system\system.h">
      <Filter>system</Filter>
    </ClInclude>
    <ClInclude Include="Game.h" />
    <ClInclude Include="GameBackGround.h" />
    <ClInclude Include="Buildings.h" />
    <ClInclude Include="Street.h" />
    <ClInclude Include="Player.h" />
    <ClInclude Include="PlayerMove.h" />
    <ClInclude Include="PlayerRotation.h" />
    <ClInclude Include="PlayerJump.h" />
    <ClInclude Include="PlayerCamera.h" />
    <ClInclude Include="SwingTarget.h" />
    <ClInclude Include="PlayerSwingAction.h" />
    <ClInclude Include="SwingActionManager.h" />
    <ClInclude Include="SwingModel.h" />
    <ClInclude Include="DebugLog.h" />
    <ClInclude Include="Enemy.h" />
    <ClInclude Include="EnemyAI.h" />
    <ClInclude Include="QteEvent.h" />
    <ClInclude Include="QteEventInput.h" />
    <ClInclude Include="PlayerCatchEnemy.h" />
    <ClInclude Include="PlayerAnimation.h" />
    <ClInclude Include="SpriteAnimation.h" />
    <ClInclude Include="SceneManager.h" />
    <ClInclude Include="GameClear.h" />
    <ClInclude Include="GameClearCamera.h" />
    <ClInclude Include="GameResult.h" />
    <ClInclude Include="GameTimeLimit.h" />
    <ClInclude Include="GameEndSelect.h" />
    <ClInclude Include="GameClearSprite.h" />
    <ClInclude Include="GameOver.h" />
    <ClInclude Include="GameOverSprite.h" />
    <ClInclude Include="Title.h" />
    <ClInclude Include="TitleSelect.h" />
    <ClInclude Include="TitleSprite.h" />
    <ClInclude Include="FadeManager.h" />
    <ClInclude Include="GameStartSprite.h" />
    <ClInclude Include="GameMission.h" />
    <ClInclude Include="MiniMap.h" />
    <ClInclude Include="EnemyEffect.h" />
    <ClInclude Include="PlayerEffect.h" />
    <ClInclude Include="Loading.h" />
    <ClInclude Include="resource.h" />
    <ClInclude Include="TitleBackGround.h" />
    <ClInclude Include="TitleCamera.h" />
    <ClInclude Include="FirstEnemyDirection.h" />
  </ItemGroup>
  <ItemGroup>
    <ResourceCompile Include="Game.rc" />
  </ItemGroup>
  <ItemGroup>
    <Image Include="Assets\icon\icon.ico" />
  </ItemGroup>
</Project>